PODS:
  - FeedKit (8.0.0)
  - Kanna (4.0.2)

DEPENDENCIES:
  - FeedKit (~> 8.0)
  - Kanna (~> 4.0.2)

SPEC REPOS:
  https://github.com/cocoapods/specs.git:
    - FeedKit
    - Kanna

SPEC CHECKSUMS:
  FeedKit: 4a78f07adf7f0a224b904014678f1de82a7ffc21
  Kanna: c60b61d72554bf04ed1ee074f9b379855cab4892

PODFILE CHECKSUM: c8731c5a51526d9cbb4fa90ddf3f69c3702121e9

COCOAPODS: 1.5.3
